{
  "version": 4,
  "terraform_version": "1.14.6",
  "serial": 4,
  "lineage": "dc080096-cd79-cc08-63e7-993476695662",
  "outputs": {
    "archivo": {
      "value": "primer módulo",
      "type": "string"
    },
    "archivo-dos": {
      "value": "primer módulo",
      "type": "string"
    }
  },
  "resources": [
    {
      "module": "module.file-module-dos",
      "mode": "managed",
      "type": "local_file",
      "name": "module-demo",
      "provider": "provider[\"registry.terraform.io/hashicorp/local\"]",
      "instances": [
        {
          "schema_version": 0,
          "attributes": {
            "content": "primer módulo",
            "content_base64": null,
            "content_base64sha256": "aXQku6i6S3mXDPyG+gAdp6PosMK0lpd0xwhO3LwYE2w=",
            "content_base64sha512": "T4S6qnvhSdQX+onSSWHVRnkGTcqJpAgRqTcBSEJ7nZ924GsQclJku1EyoccnmhkA0P+vOHG9v5UxBWZ89IPQyA==",
            "content_md5": "901e5f47ad9732fef740cc688e7a5784",
            "content_sha1": "dee0a30799cf8d984b71501af77d7f16501d4151",
            "content_sha256": "697424bba8ba4b79970cfc86fa001da7a3e8b0c2b4969774c7084edcbc18136c",
            "content_sha512": "4f84baaa7be149d417fa89d24961d54679064dca89a40811a9370148427b9d9f76e06b10725264bb5132a1c7279a1900d0ffaf3871bdbf953105667cf483d0c8",
            "directory_permission": "0777",
            "file_permission": "0777",
            "filename": "dos.txt",
            "id": "dee0a30799cf8d984b71501af77d7f16501d4151",
            "sensitive_content": null,
            "source": null
          },
          "sensitive_attributes": [
            [
              {
                "type": "get_attr",
                "value": "sensitive_content"
              }
            ]
          ],
          "identity_schema_version": 0
        }
      ]
    },
    {
      "module": "module.local_file",
      "mode": "managed",
      "type": "local_file",
      "name": "module-demo",
      "provider": "provider[\"registry.terraform.io/hashicorp/local\"]",
      "instances": [
        {
          "schema_version": 0,
          "attributes": {
            "content": "primer módulo",
            "content_base64": null,
            "content_base64sha256": "aXQku6i6S3mXDPyG+gAdp6PosMK0lpd0xwhO3LwYE2w=",
            "content_base64sha512": "T4S6qnvhSdQX+onSSWHVRnkGTcqJpAgRqTcBSEJ7nZ924GsQclJku1EyoccnmhkA0P+vOHG9v5UxBWZ89IPQyA==",
            "content_md5": "901e5f47ad9732fef740cc688e7a5784",
            "content_sha1": "dee0a30799cf8d984b71501af77d7f16501d4151",
            "content_sha256": "697424bba8ba4b79970cfc86fa001da7a3e8b0c2b4969774c7084edcbc18136c",
            "content_sha512": "4f84baaa7be149d417fa89d24961d54679064dca89a40811a9370148427b9d9f76e06b10725264bb5132a1c7279a1900d0ffaf3871bdbf953105667cf483d0c8",
            "directory_permission": "0777",
            "file_permission": "0777",
            "filename": "test.txt",
            "id": "dee0a30799cf8d984b71501af77d7f16501d4151",
            "sensitive_content": null,
            "source": null
          },
          "sensitive_attributes": [
            [
              {
                "type": "get_attr",
                "value": "sensitive_content"
              }
            ]
          ],
          "identity_schema_version": 0
        }
      ]
    }
  ],
  "check_results": null
}
