{
  "version": 4,
  "terraform_version": "1.14.6",
  "serial": 9,
  "lineage": "b886aaef-3f4c-a710-6ab8-0dbdff2e5792",
  "outputs": {},
  "resources": [
    {
      "mode": "managed",
      "type": "local_file",
      "name": "file",
      "provider": "provider[\"registry.terraform.io/hashicorp/local\"]",
      "instances": [
        {
          "schema_version": 0,
          "attributes": {
            "content": "Bye...",
            "content_base64": null,
            "content_base64sha256": "f7Fl5AOvReAF7uqZ8osmCnaagw5FhYbKiPDpU2BpmiQ=",
            "content_base64sha512": "Aq/zx5yDHAXn1lLvyNmT8lJiXer+14zG88jEDdIEHNd47PIBQTCKlFBfUgeyk2Y7i2/qV1ve7H9waJSdmA6TRQ==",
            "content_md5": "e5250111c140622b7535a4c80fc0376f",
            "content_sha1": "755e0d57ab04114495cb9ba618b878959157b60f",
            "content_sha256": "7fb165e403af45e005eeea99f28b260a769a830e458586ca88f0e95360699a24",
            "content_sha512": "02aff3c79c831c05e7d652efc8d993f252625deafed78cc6f3c8c40dd2041cd778ecf20141308a94505f5207b293663b8b6fea575bdeec7f7068949d980e9345",
            "directory_permission": "0777",
            "file_permission": "777",
            "filename": "bye.txt",
            "id": "755e0d57ab04114495cb9ba618b878959157b60f",
            "sensitive_content": null,
            "source": null
          },
          "sensitive_attributes": [
            [
              {
                "type": "get_attr",
                "value": "sensitive_content"
              }
            ]
          ],
          "identity_schema_version": 0
        }
      ]
    }
  ],
  "check_results": null
}
