{
  "version": 4,
  "terraform_version": "1.14.6",
  "serial": 47,
  "lineage": "57168e39-0536-071c-912d-24435fc02715",
  "outputs": {
    "bucket_url": {
      "value": "buckets3.march-15-2026.terraformpractice.s3.amazonaws.com/rsa_key.pem",
      "type": "string"
    }
  },
  "resources": [
    {
      "mode": "managed",
      "type": "aws_s3_bucket",
      "name": "Terraform_Practice",
      "provider": "provider[\"registry.terraform.io/hashicorp/aws\"]",
      "instances": [
        {
          "schema_version": 0,
          "attributes": {
            "acceleration_status": "",
            "acl": null,
            "arn": "arn:aws:s3:::buckets3.march-15-2026.terraformpractice",
            "bucket": "buckets3.march-15-2026.terraformpractice",
            "bucket_domain_name": "buckets3.march-15-2026.terraformpractice.s3.amazonaws.com",
            "bucket_prefix": "",
            "bucket_regional_domain_name": "buckets3.march-15-2026.terraformpractice.s3.amazonaws.com",
            "cors_rule": [],
            "force_destroy": false,
            "grant": [
              {
                "id": "",
                "permissions": [
                  "READ"
                ],
                "type": "Group",
                "uri": "http://acs.amazonaws.com/groups/global/AllUsers"
              },
              {
                "id": "e70203e1a6c7c4f3daba018f5737d557c6a1a337e53e427aed76129194f93d72",
                "permissions": [
                  "FULL_CONTROL"
                ],
                "type": "CanonicalUser",
                "uri": ""
              }
            ],
            "hosted_zone_id": "Z3AQBSTGFYJSTF",
            "id": "buckets3.march-15-2026.terraformpractice",
            "lifecycle_rule": [],
            "logging": [],
            "object_lock_configuration": [],
            "object_lock_enabled": false,
            "policy": "",
            "region": "us-east-1",
            "replication_configuration": [],
            "request_payer": "BucketOwner",
            "server_side_encryption_configuration": [
              {
                "rule": [
                  {
                    "apply_server_side_encryption_by_default": [
                      {
                        "kms_master_key_id": "",
                        "sse_algorithm": "AES256"
                      }
                    ],
                    "bucket_key_enabled": false
                  }
                ]
              }
            ],
            "tags": {
              "Environment": "Dev",
              "Name": "My bucket"
            },
            "tags_all": {
              "Environment": "Dev",
              "Name": "My bucket"
            },
            "timeouts": null,
            "versioning": [
              {
                "enabled": false,
                "mfa_delete": false
              }
            ],
            "website": [],
            "website_domain": null,
            "website_endpoint": null
          },
          "sensitive_attributes": [],
          "identity_schema_version": 0,
          "private": "eyJlMmJmYjczMC1lY2FhLTExZTYtOGY4OC0zNDM2M2JjN2M0YzAiOnsiY3JlYXRlIjoxMjAwMDAwMDAwMDAwLCJkZWxldGUiOjM2MDAwMDAwMDAwMDAsInJlYWQiOjEyMDAwMDAwMDAwMDAsInVwZGF0ZSI6MTIwMDAwMDAwMDAwMH19"
        }
      ]
    },
    {
      "mode": "managed",
      "type": "aws_s3_bucket_acl",
      "name": "bucket_acl",
      "provider": "provider[\"registry.terraform.io/hashicorp/aws\"]",
      "instances": [
        {
          "schema_version": 0,
          "attributes": {
            "access_control_policy": [
              {
                "grant": [
                  {
                    "grantee": [
                      {
                        "display_name": "",
                        "email_address": "",
                        "id": "",
                        "type": "Group",
                        "uri": "http://acs.amazonaws.com/groups/global/AllUsers"
                      }
                    ],
                    "permission": "READ"
                  },
                  {
                    "grantee": [
                      {
                        "display_name": "",
                        "email_address": "",
                        "id": "e70203e1a6c7c4f3daba018f5737d557c6a1a337e53e427aed76129194f93d72",
                        "type": "CanonicalUser",
                        "uri": ""
                      }
                    ],
                    "permission": "FULL_CONTROL"
                  }
                ],
                "owner": [
                  {
                    "display_name": "",
                    "id": "e70203e1a6c7c4f3daba018f5737d557c6a1a337e53e427aed76129194f93d72"
                  }
                ]
              }
            ],
            "acl": "public-read",
            "bucket": "buckets3.march-15-2026.terraformpractice",
            "expected_bucket_owner": "",
            "id": "buckets3.march-15-2026.terraformpractice,public-read"
          },
          "sensitive_attributes": [],
          "identity_schema_version": 0,
          "private": "bnVsbA==",
          "dependencies": [
            "aws_s3_bucket.Terraform_Practice",
            "aws_s3_bucket_ownership_controls.owner",
            "aws_s3_bucket_public_access_block.access"
          ]
        }
      ]
    },
    {
      "mode": "managed",
      "type": "aws_s3_bucket_ownership_controls",
      "name": "owner",
      "provider": "provider[\"registry.terraform.io/hashicorp/aws\"]",
      "instances": [
        {
          "schema_version": 0,
          "attributes": {
            "bucket": "buckets3.march-15-2026.terraformpractice",
            "id": "buckets3.march-15-2026.terraformpractice",
            "rule": [
              {
                "object_ownership": "BucketOwnerPreferred"
              }
            ]
          },
          "sensitive_attributes": [],
          "identity_schema_version": 0,
          "private": "bnVsbA==",
          "dependencies": [
            "aws_s3_bucket.Terraform_Practice"
          ]
        }
      ]
    },
    {
      "mode": "managed",
      "type": "aws_s3_bucket_public_access_block",
      "name": "access",
      "provider": "provider[\"registry.terraform.io/hashicorp/aws\"]",
      "instances": [
        {
          "schema_version": 0,
          "attributes": {
            "block_public_acls": false,
            "block_public_policy": false,
            "bucket": "buckets3.march-15-2026.terraformpractice",
            "id": "buckets3.march-15-2026.terraformpractice",
            "ignore_public_acls": false,
            "restrict_public_buckets": false
          },
          "sensitive_attributes": [],
          "identity_schema_version": 0,
          "private": "bnVsbA==",
          "dependencies": [
            "aws_s3_bucket.Terraform_Practice"
          ]
        }
      ]
    },
    {
      "mode": "managed",
      "type": "aws_s3_object",
      "name": "key_file",
      "provider": "provider[\"registry.terraform.io/hashicorp/aws\"]",
      "instances": [
        {
          "schema_version": 0,
          "attributes": {
            "acl": "public-read",
            "bucket": "buckets3.march-15-2026.terraformpractice",
            "bucket_key_enabled": false,
            "cache_control": "",
            "content": null,
            "content_base64": null,
            "content_disposition": "",
            "content_encoding": "",
            "content_language": "",
            "content_type": "rsa/key",
            "etag": "ef789d17601813750a0235262d004de1",
            "force_destroy": false,
            "id": "rsa_key.pem",
            "key": "rsa_key.pem",
            "kms_key_id": null,
            "metadata": null,
            "object_lock_legal_hold_status": "",
            "object_lock_mode": "",
            "object_lock_retain_until_date": "",
            "server_side_encryption": "AES256",
            "source": "/home/azureuser/TerraformLabs/labs/Practica1/rsa_key",
            "source_hash": null,
            "storage_class": "STANDARD",
            "tags": null,
            "tags_all": {},
            "version_id": "",
            "website_redirect": ""
          },
          "sensitive_attributes": [],
          "identity_schema_version": 0,
          "private": "bnVsbA==",
          "dependencies": [
            "aws_s3_bucket.Terraform_Practice"
          ]
        }
      ]
    },
    {
      "mode": "managed",
      "type": "aws_vpc",
      "name": "lab-hernan_brenes",
      "provider": "provider[\"registry.terraform.io/hashicorp/aws\"]",
      "instances": [
        {
          "schema_version": 1,
          "attributes": {
            "arn": "arn:aws:ec2:us-east-1:367816904393:vpc/vpc-0711ef8805cd37824",
            "assign_generated_ipv6_cidr_block": false,
            "cidr_block": "10.0.0.0/16",
            "default_network_acl_id": "acl-08a9916bfe3eb10a4",
            "default_route_table_id": "rtb-0e65b26fd096ef17f",
            "default_security_group_id": "sg-01ef68f74f5a112c4",
            "dhcp_options_id": "dopt-0f4e0f22d7b524024",
            "enable_classiclink": false,
            "enable_classiclink_dns_support": false,
            "enable_dns_hostnames": false,
            "enable_dns_support": true,
            "enable_network_address_usage_metrics": false,
            "id": "vpc-0711ef8805cd37824",
            "instance_tenancy": "default",
            "ipv4_ipam_pool_id": null,
            "ipv4_netmask_length": null,
            "ipv6_association_id": "",
            "ipv6_cidr_block": "",
            "ipv6_cidr_block_network_border_group": "",
            "ipv6_ipam_pool_id": "",
            "ipv6_netmask_length": 0,
            "main_route_table_id": "rtb-0e65b26fd096ef17f",
            "owner_id": "367816904393",
            "tags": null,
            "tags_all": {}
          },
          "sensitive_attributes": [],
          "identity_schema_version": 0,
          "private": "eyJzY2hlbWFfdmVyc2lvbiI6IjEifQ=="
        }
      ]
    },
    {
      "mode": "managed",
      "type": "local_file",
      "name": "private_key",
      "provider": "provider[\"registry.terraform.io/hashicorp/local\"]",
      "instances": [
        {
          "schema_version": 0,
          "attributes": {
            "content": "-----BEGIN RSA PRIVATE KEY-----\nMIIEogIBAAKCAQEA7jzl4ojoYSyVBfIOaz2d/ZqsHDSWi+fBQWVMuVKD8UzNnoi8\nld93Y2hN56feAwLUNHGoG3CPphJKAIr9scFFd8wulipA9MP9PKZl1y2++lPnyaS2\n8I5SUkd7BD+OoDBJbGlLt5T707dLfnI5yPRwRrredaHiKhqj1dvlJ2d7xPlPmClr\n78ZB2Xn1oQU+r2pTKlCiQwyYqQUayQbtjzKKZwguSYlCs4ZIClGOfadgqD/OF+Q4\nH8m87BN2qBL/lp7mzzo7bbbDiS7YdnGFCLwPA5s6ihTYMEQsbChJylOCS5Yio8ME\n09Mf0PXpUCQYU5zjtiumgGrxJnQv42ynpObOEQIDAQABAoIBAB4toSo90P/0O4lm\nBO0RQFjudaRaBgMBb8HWsO4d1YBky/wr0oXCqbcyMIIqic1EV7iv+A1HyC6PjQe+\nE45njuLyvqj/f7xxsjuzUV29Wf6QT+GDZ7gXszZgfyUF3w2MKFTfDrwZ13+Vba7+\nDbNWwX04MTNh9woB12ShBwljirJj6t8+TqSmK/YdQGNjqLDXbeSR6GRNf6RiDWdu\nQiNgqCR5OsGlFBYu8wVFgvN9WFUGKCzbvltoQ2l39zBZIYxp4SAALw6ffOJ+Sfyh\nAUNMHeojt8MPdsu3ZOyVSe7jroWfANDawtedP3K0pPvZ1d6GPYc3mySEEG9AY5m1\nThRwNmUCgYEA+RXkb12pvaDNw8VV3NlC4dCis9094hitQCRrPK8KJ7Vs8cTTD/V3\nSc+JvLW6MfyuYCqRwulboB/K+hIEk/boB2z/RWj+b7P3mIJpiTtEeSQdbnKHIcMc\nR2lrffoVVOkj8kfl2nXngEXXmb2Q6LARgyiuub5X3Ko+JHusrmxCB80CgYEA9Nnq\n8km6QFskRgF1c+BHwKmrMBy+Lbak7/mU9WoBQL7+WMLaZMByg0a0qbNhR+oJRVB8\n/5ajMDXZaEskybyUcyJzPIxeuw9Ui6MdkKaMCA3VyxTLXh6T342ityG/t89Ewqs0\nb3veMRw91+kEKmSoL1SkzxbaqGRpFYo2iEv+E1UCgYBBd4CPyLVZUs9iGhakMjJC\n+bwZvBeMumGmzyukSnlH0IZu0QWMVz7gFn0kLTtf8gK+4dFnwj/DyTdnHJ85aJa5\nhOtfCeZ943Y7DmPAnuQzVsupgM6FkCt5lXqcJMPAinpZLo56Ka0L6M9u6AUTM1uW\n9nVd+mpLZC9rFVpgibGdLQKBgDLbAD2KqrCrPYF81BRZRQ3zL6cykR2VjfR59kJy\n3gfAo7tz3UCH6EDz8po8s7voFDzdVtkPRJ3C0YEj+mQcUwkG4sB0t0hLCthl7MIa\nlYMmvH0NuJ+34ibQmDdJPzTCTBnSzXVKWQACSaYKs97KQVRzVDffG1NWZ60do+3z\nOrZxAoGAJW1AeY8Z+RanDJUs6R7kDWolxn84T3amsGM4zLvKBuGlmIGE7MVWKdmJ\nvAsSkclHfWaCmaPg5SpbLMRWBjnVyhIGXb8Z3o5+in+LPc2NhzWKmUB7K6d38Gk3\nOx3rBFiMtKHfJ2PKKCxkCkjHD/TLRtt02rPEPIeuuI/5TZWIciM=\n-----END RSA PRIVATE KEY-----\n",
            "content_base64": null,
            "content_base64sha256": "YxEIUjrQTmWgmxn1tEOY2JzszF1djcevaue25t+D2f4=",
            "content_base64sha512": "d4VgaqIXvVif/pYGho9cGel/Vq9iaXKpmBseSPZ1FeofpDGvt7R9kqKqiRTbfu/NuVzg6WfvvjdJLa3LizdxpA==",
            "content_md5": "ef789d17601813750a0235262d004de1",
            "content_sha1": "9ab695494d5da0d614018a061fa3c4b56fcbf7d1",
            "content_sha256": "631108523ad04e65a09b19f5b44398d89ceccc5d5d8dc7af6ae7b6e6df83d9fe",
            "content_sha512": "7785606aa217bd589ffe9606868f5c19e97f56af626972a9981b1e48f67515ea1fa431afb7b47d92a2aa8914db7eefcdb95ce0e967efbe37492dadcb8b3771a4",
            "directory_permission": "0777",
            "file_permission": "0777",
            "filename": "/home/azureuser/TerraformLabs/labs/Practica1/rsa_key",
            "id": "9ab695494d5da0d614018a061fa3c4b56fcbf7d1",
            "sensitive_content": null,
            "source": null
          },
          "sensitive_attributes": [
            [
              {
                "type": "get_attr",
                "value": "content"
              }
            ],
            [
              {
                "type": "get_attr",
                "value": "sensitive_content"
              }
            ]
          ],
          "identity_schema_version": 0,
          "dependencies": [
            "tls_private_key.rsa_key"
          ]
        }
      ]
    },
    {
      "mode": "managed",
      "type": "tls_private_key",
      "name": "rsa_key",
      "provider": "provider[\"registry.terraform.io/hashicorp/tls\"]",
      "instances": [
        {
          "schema_version": 1,
          "attributes": {
            "algorithm": "RSA",
            "ecdsa_curve": "P224",
            "id": "c43d0ee5195db414ca5804c455c718eb4829e94b",
            "private_key_openssh": "-----BEGIN OPENSSH PRIVATE KEY-----\nb3BlbnNzaC1rZXktdjEAAAAABG5vbmUAAAAEbm9uZQAAAAAAAAABAAABFwAAAAdz\nc2gtcnNhAAAAAwEAAQAAAQEA7jzl4ojoYSyVBfIOaz2d/ZqsHDSWi+fBQWVMuVKD\n8UzNnoi8ld93Y2hN56feAwLUNHGoG3CPphJKAIr9scFFd8wulipA9MP9PKZl1y2+\n+lPnyaS28I5SUkd7BD+OoDBJbGlLt5T707dLfnI5yPRwRrredaHiKhqj1dvlJ2d7\nxPlPmClr78ZB2Xn1oQU+r2pTKlCiQwyYqQUayQbtjzKKZwguSYlCs4ZIClGOfadg\nqD/OF+Q4H8m87BN2qBL/lp7mzzo7bbbDiS7YdnGFCLwPA5s6ihTYMEQsbChJylOC\nS5Yio8ME09Mf0PXpUCQYU5zjtiumgGrxJnQv42ynpObOEQAAA7iCQSDKgkEgygAA\nAAdzc2gtcnNhAAABAQDuPOXiiOhhLJUF8g5rPZ39mqwcNJaL58FBZUy5UoPxTM2e\niLyV33djaE3np94DAtQ0cagbcI+mEkoAiv2xwUV3zC6WKkD0w/08pmXXLb76U+fJ\npLbwjlJSR3sEP46gMElsaUu3lPvTt0t+cjnI9HBGut51oeIqGqPV2+UnZ3vE+U+Y\nKWvvxkHZefWhBT6valMqUKJDDJipBRrJBu2PMopnCC5JiUKzhkgKUY59p2CoP84X\n5DgfybzsE3aoEv+WnubPOjtttsOJLth2cYUIvA8DmzqKFNgwRCxsKEnKU4JLliKj\nwwTT0x/Q9elQJBhTnOO2K6aAavEmdC/jbKek5s4RAAAAAwEAAQAAAQAeLaEqPdD/\n9DuJZgTtEUBY7nWkWgYDAW/B1rDuHdWAZMv8K9KFwqm3MjCCKonNRFe4r/gNR8gu\nj40HvhOOZ47i8r6o/3+8cbI7s1FdvVn+kE/hg2e4F7M2YH8lBd8NjChU3w68Gdd/\nlW2u/g2zVsF9ODEzYfcKAddkoQcJY4qyY+rfPk6kpiv2HUBjY6iw123kkehkTX+k\nYg1nbkIjYKgkeTrBpRQWLvMFRYLzfVhVBigs275baENpd/cwWSGMaeEgAC8On3zi\nfkn8oQFDTB3qI7fDD3bLt2TslUnu466FnwDQ2sLXnT9ytKT72dXehj2HN5skhBBv\nQGOZtU4UcDZlAAAAgCVtQHmPGfkWpwyVLOke5A1qJcZ/OE92prBjOMy7ygbhpZiB\nhOzFVinZibwLEpHJR31mgpmj4OUqWyzEVgY51coSBl2/Gd6Ofop/iz3NjYc1iplA\neyund/BpNzsd6wRYjLSh3ydjyigsZApIxw/0y0bbdNqzxDyHrriP+U2ViHIjAAAA\ngQD5FeRvXam9oM3DxVXc2ULh0KKz3T3iGK1AJGs8rwontWzxxNMP9XdJz4m8tbox\n/K5gKpHC6VugH8r6EgST9ugHbP9FaP5vs/eYgmmJO0R5JB1ucochwxxHaWt9+hVU\n6SPyR+XadeeARdeZvZDosBGDKK65vlfcqj4ke6yubEIHzQAAAIEA9Nnq8km6QFsk\nRgF1c+BHwKmrMBy+Lbak7/mU9WoBQL7+WMLaZMByg0a0qbNhR+oJRVB8/5ajMDXZ\naEskybyUcyJzPIxeuw9Ui6MdkKaMCA3VyxTLXh6T342ityG/t89Ewqs0b3veMRw9\n1+kEKmSoL1SkzxbaqGRpFYo2iEv+E1UAAAAAAQID\n-----END OPENSSH PRIVATE KEY-----\n",
            "private_key_pem": "-----BEGIN RSA PRIVATE KEY-----\nMIIEogIBAAKCAQEA7jzl4ojoYSyVBfIOaz2d/ZqsHDSWi+fBQWVMuVKD8UzNnoi8\nld93Y2hN56feAwLUNHGoG3CPphJKAIr9scFFd8wulipA9MP9PKZl1y2++lPnyaS2\n8I5SUkd7BD+OoDBJbGlLt5T707dLfnI5yPRwRrredaHiKhqj1dvlJ2d7xPlPmClr\n78ZB2Xn1oQU+r2pTKlCiQwyYqQUayQbtjzKKZwguSYlCs4ZIClGOfadgqD/OF+Q4\nH8m87BN2qBL/lp7mzzo7bbbDiS7YdnGFCLwPA5s6ihTYMEQsbChJylOCS5Yio8ME\n09Mf0PXpUCQYU5zjtiumgGrxJnQv42ynpObOEQIDAQABAoIBAB4toSo90P/0O4lm\nBO0RQFjudaRaBgMBb8HWsO4d1YBky/wr0oXCqbcyMIIqic1EV7iv+A1HyC6PjQe+\nE45njuLyvqj/f7xxsjuzUV29Wf6QT+GDZ7gXszZgfyUF3w2MKFTfDrwZ13+Vba7+\nDbNWwX04MTNh9woB12ShBwljirJj6t8+TqSmK/YdQGNjqLDXbeSR6GRNf6RiDWdu\nQiNgqCR5OsGlFBYu8wVFgvN9WFUGKCzbvltoQ2l39zBZIYxp4SAALw6ffOJ+Sfyh\nAUNMHeojt8MPdsu3ZOyVSe7jroWfANDawtedP3K0pPvZ1d6GPYc3mySEEG9AY5m1\nThRwNmUCgYEA+RXkb12pvaDNw8VV3NlC4dCis9094hitQCRrPK8KJ7Vs8cTTD/V3\nSc+JvLW6MfyuYCqRwulboB/K+hIEk/boB2z/RWj+b7P3mIJpiTtEeSQdbnKHIcMc\nR2lrffoVVOkj8kfl2nXngEXXmb2Q6LARgyiuub5X3Ko+JHusrmxCB80CgYEA9Nnq\n8km6QFskRgF1c+BHwKmrMBy+Lbak7/mU9WoBQL7+WMLaZMByg0a0qbNhR+oJRVB8\n/5ajMDXZaEskybyUcyJzPIxeuw9Ui6MdkKaMCA3VyxTLXh6T342ityG/t89Ewqs0\nb3veMRw91+kEKmSoL1SkzxbaqGRpFYo2iEv+E1UCgYBBd4CPyLVZUs9iGhakMjJC\n+bwZvBeMumGmzyukSnlH0IZu0QWMVz7gFn0kLTtf8gK+4dFnwj/DyTdnHJ85aJa5\nhOtfCeZ943Y7DmPAnuQzVsupgM6FkCt5lXqcJMPAinpZLo56Ka0L6M9u6AUTM1uW\n9nVd+mpLZC9rFVpgibGdLQKBgDLbAD2KqrCrPYF81BRZRQ3zL6cykR2VjfR59kJy\n3gfAo7tz3UCH6EDz8po8s7voFDzdVtkPRJ3C0YEj+mQcUwkG4sB0t0hLCthl7MIa\nlYMmvH0NuJ+34ibQmDdJPzTCTBnSzXVKWQACSaYKs97KQVRzVDffG1NWZ60do+3z\nOrZxAoGAJW1AeY8Z+RanDJUs6R7kDWolxn84T3amsGM4zLvKBuGlmIGE7MVWKdmJ\nvAsSkclHfWaCmaPg5SpbLMRWBjnVyhIGXb8Z3o5+in+LPc2NhzWKmUB7K6d38Gk3\nOx3rBFiMtKHfJ2PKKCxkCkjHD/TLRtt02rPEPIeuuI/5TZWIciM=\n-----END RSA PRIVATE KEY-----\n",
            "private_key_pem_pkcs8": "-----BEGIN PRIVATE KEY-----\nMIIEvAIBADANBgkqhkiG9w0BAQEFAASCBKYwggSiAgEAAoIBAQDuPOXiiOhhLJUF\n8g5rPZ39mqwcNJaL58FBZUy5UoPxTM2eiLyV33djaE3np94DAtQ0cagbcI+mEkoA\niv2xwUV3zC6WKkD0w/08pmXXLb76U+fJpLbwjlJSR3sEP46gMElsaUu3lPvTt0t+\ncjnI9HBGut51oeIqGqPV2+UnZ3vE+U+YKWvvxkHZefWhBT6valMqUKJDDJipBRrJ\nBu2PMopnCC5JiUKzhkgKUY59p2CoP84X5DgfybzsE3aoEv+WnubPOjtttsOJLth2\ncYUIvA8DmzqKFNgwRCxsKEnKU4JLliKjwwTT0x/Q9elQJBhTnOO2K6aAavEmdC/j\nbKek5s4RAgMBAAECggEAHi2hKj3Q//Q7iWYE7RFAWO51pFoGAwFvwdaw7h3VgGTL\n/CvShcKptzIwgiqJzURXuK/4DUfILo+NB74TjmeO4vK+qP9/vHGyO7NRXb1Z/pBP\n4YNnuBezNmB/JQXfDYwoVN8OvBnXf5Vtrv4Ns1bBfTgxM2H3CgHXZKEHCWOKsmPq\n3z5OpKYr9h1AY2OosNdt5JHoZE1/pGINZ25CI2CoJHk6waUUFi7zBUWC831YVQYo\nLNu+W2hDaXf3MFkhjGnhIAAvDp984n5J/KEBQ0wd6iO3ww92y7dk7JVJ7uOuhZ8A\n0NrC150/crSk+9nV3oY9hzebJIQQb0BjmbVOFHA2ZQKBgQD5FeRvXam9oM3DxVXc\n2ULh0KKz3T3iGK1AJGs8rwontWzxxNMP9XdJz4m8tbox/K5gKpHC6VugH8r6EgST\n9ugHbP9FaP5vs/eYgmmJO0R5JB1ucochwxxHaWt9+hVU6SPyR+XadeeARdeZvZDo\nsBGDKK65vlfcqj4ke6yubEIHzQKBgQD02erySbpAWyRGAXVz4EfAqaswHL4ttqTv\n+ZT1agFAvv5YwtpkwHKDRrSps2FH6glFUHz/lqMwNdloSyTJvJRzInM8jF67D1SL\nox2QpowIDdXLFMteHpPfjaK3Ib+3z0TCqzRve94xHD3X6QQqZKgvVKTPFtqoZGkV\nijaIS/4TVQKBgEF3gI/ItVlSz2IaFqQyMkL5vBm8F4y6YabPK6RKeUfQhm7RBYxX\nPuAWfSQtO1/yAr7h0WfCP8PJN2ccnzlolrmE618J5n3jdjsOY8Ce5DNWy6mAzoWQ\nK3mVepwkw8CKelkujnoprQvoz27oBRMzW5b2dV36aktkL2sVWmCJsZ0tAoGAMtsA\nPYqqsKs9gXzUFFlFDfMvpzKRHZWN9Hn2QnLeB8Cju3PdQIfoQPPymjyzu+gUPN1W\n2Q9EncLRgSP6ZBxTCQbiwHS3SEsK2GXswhqVgya8fQ24n7fiJtCYN0k/NMJMGdLN\ndUpZAAJJpgqz3spBVHNUN98bU1ZnrR2j7fM6tnECgYAlbUB5jxn5FqcMlSzpHuQN\naiXGfzhPdqawYzjMu8oG4aWYgYTsxVYp2Ym8CxKRyUd9ZoKZo+DlKlssxFYGOdXK\nEgZdvxnejn6Kf4s9zY2HNYqZQHsrp3fwaTc7HesEWIy0od8nY8ooLGQKSMcP9MtG\n23Tas8Q8h664j/lNlYhyIw==\n-----END PRIVATE KEY-----\n",
            "public_key_fingerprint_md5": "19:09:22:ac:98:4a:1b:9a:91:4f:74:42:f3:b4:e8:31",
            "public_key_fingerprint_sha256": "SHA256:qBPnaQxSgekOw6OLFzqjm3dgb9YwFJw4qGsNBS4MnOs",
            "public_key_openssh": "ssh-rsa AAAAB3NzaC1yc2EAAAADAQABAAABAQDuPOXiiOhhLJUF8g5rPZ39mqwcNJaL58FBZUy5UoPxTM2eiLyV33djaE3np94DAtQ0cagbcI+mEkoAiv2xwUV3zC6WKkD0w/08pmXXLb76U+fJpLbwjlJSR3sEP46gMElsaUu3lPvTt0t+cjnI9HBGut51oeIqGqPV2+UnZ3vE+U+YKWvvxkHZefWhBT6valMqUKJDDJipBRrJBu2PMopnCC5JiUKzhkgKUY59p2CoP84X5DgfybzsE3aoEv+WnubPOjtttsOJLth2cYUIvA8DmzqKFNgwRCxsKEnKU4JLliKjwwTT0x/Q9elQJBhTnOO2K6aAavEmdC/jbKek5s4R\n",
            "public_key_pem": "-----BEGIN PUBLIC KEY-----\nMIIBIjANBgkqhkiG9w0BAQEFAAOCAQ8AMIIBCgKCAQEA7jzl4ojoYSyVBfIOaz2d\n/ZqsHDSWi+fBQWVMuVKD8UzNnoi8ld93Y2hN56feAwLUNHGoG3CPphJKAIr9scFF\nd8wulipA9MP9PKZl1y2++lPnyaS28I5SUkd7BD+OoDBJbGlLt5T707dLfnI5yPRw\nRrredaHiKhqj1dvlJ2d7xPlPmClr78ZB2Xn1oQU+r2pTKlCiQwyYqQUayQbtjzKK\nZwguSYlCs4ZIClGOfadgqD/OF+Q4H8m87BN2qBL/lp7mzzo7bbbDiS7YdnGFCLwP\nA5s6ihTYMEQsbChJylOCS5Yio8ME09Mf0PXpUCQYU5zjtiumgGrxJnQv42ynpObO\nEQIDAQAB\n-----END PUBLIC KEY-----\n",
            "rsa_bits": 2048
          },
          "sensitive_attributes": [
            [
              {
                "type": "get_attr",
                "value": "private_key_openssh"
              }
            ],
            [
              {
                "type": "get_attr",
                "value": "private_key_pem"
              }
            ],
            [
              {
                "type": "get_attr",
                "value": "private_key_pem_pkcs8"
              }
            ]
          ],
          "identity_schema_version": 0
        }
      ]
    }
  ],
  "check_results": null
}
