{
  "version": 4,
  "terraform_version": "1.14.6",
  "serial": 4,
  "lineage": "c30da39b-c22a-7805-7647-8e0216713d5c",
  "outputs": {},
  "resources": [
    {
      "mode": "managed",
      "type": "aws_s3_bucket",
      "name": "remote_state",
      "provider": "provider[\"registry.terraform.io/hashicorp/aws\"]",
      "instances": [
        {
          "schema_version": 0,
          "attributes": {
            "acceleration_status": "",
            "acl": null,
            "arn": "arn:aws:s3:::terralabs-remote-state-hernan03.22.2026",
            "bucket": "terralabs-remote-state-hernan03.22.2026",
            "bucket_domain_name": "terralabs-remote-state-hernan03.22.2026.s3.amazonaws.com",
            "bucket_prefix": "",
            "bucket_regional_domain_name": "terralabs-remote-state-hernan03.22.2026.s3.amazonaws.com",
            "cors_rule": [],
            "force_destroy": true,
            "grant": [
              {
                "id": "e70203e1a6c7c4f3daba018f5737d557c6a1a337e53e427aed76129194f93d72",
                "permissions": [
                  "FULL_CONTROL"
                ],
                "type": "CanonicalUser",
                "uri": ""
              }
            ],
            "hosted_zone_id": "Z3AQBSTGFYJSTF",
            "id": "terralabs-remote-state-hernan03.22.2026",
            "lifecycle_rule": [],
            "logging": [],
            "object_lock_configuration": [],
            "object_lock_enabled": false,
            "policy": "",
            "region": "us-east-1",
            "replication_configuration": [],
            "request_payer": "BucketOwner",
            "server_side_encryption_configuration": [
              {
                "rule": [
                  {
                    "apply_server_side_encryption_by_default": [
                      {
                        "kms_master_key_id": "",
                        "sse_algorithm": "AES256"
                      }
                    ],
                    "bucket_key_enabled": false
                  }
                ]
              }
            ],
            "tags": {
              "Environment": "dev"
            },
            "tags_all": {
              "Environment": "dev"
            },
            "timeouts": null,
            "versioning": [
              {
                "enabled": false,
                "mfa_delete": false
              }
            ],
            "website": [],
            "website_domain": null,
            "website_endpoint": null
          },
          "sensitive_attributes": [],
          "identity_schema_version": 0,
          "private": "eyJlMmJmYjczMC1lY2FhLTExZTYtOGY4OC0zNDM2M2JjN2M0YzAiOnsiY3JlYXRlIjoxMjAwMDAwMDAwMDAwLCJkZWxldGUiOjM2MDAwMDAwMDAwMDAsInJlYWQiOjEyMDAwMDAwMDAwMDAsInVwZGF0ZSI6MTIwMDAwMDAwMDAwMH19"
        }
      ]
    },
    {
      "mode": "managed",
      "type": "aws_s3_bucket_acl",
      "name": "remote_state",
      "provider": "provider[\"registry.terraform.io/hashicorp/aws\"]",
      "instances": [
        {
          "schema_version": 0,
          "attributes": {
            "access_control_policy": [
              {
                "grant": [
                  {
                    "grantee": [
                      {
                        "display_name": "",
                        "email_address": "",
                        "id": "e70203e1a6c7c4f3daba018f5737d557c6a1a337e53e427aed76129194f93d72",
                        "type": "CanonicalUser",
                        "uri": ""
                      }
                    ],
                    "permission": "FULL_CONTROL"
                  }
                ],
                "owner": [
                  {
                    "display_name": "",
                    "id": "e70203e1a6c7c4f3daba018f5737d557c6a1a337e53e427aed76129194f93d72"
                  }
                ]
              }
            ],
            "acl": "private",
            "bucket": "terralabs-remote-state-hernan03.22.2026",
            "expected_bucket_owner": "",
            "id": "terralabs-remote-state-hernan03.22.2026,private"
          },
          "sensitive_attributes": [],
          "identity_schema_version": 0,
          "private": "bnVsbA==",
          "dependencies": [
            "aws_s3_bucket.remote_state",
            "aws_s3_bucket_ownership_controls.owner",
            "aws_s3_bucket_public_access_block.access"
          ]
        }
      ]
    },
    {
      "mode": "managed",
      "type": "aws_s3_bucket_ownership_controls",
      "name": "owner",
      "provider": "provider[\"registry.terraform.io/hashicorp/aws\"]",
      "instances": [
        {
          "schema_version": 0,
          "attributes": {
            "bucket": "terralabs-remote-state-hernan03.22.2026",
            "id": "terralabs-remote-state-hernan03.22.2026",
            "rule": [
              {
                "object_ownership": "BucketOwnerPreferred"
              }
            ]
          },
          "sensitive_attributes": [],
          "identity_schema_version": 0,
          "private": "bnVsbA==",
          "dependencies": [
            "aws_s3_bucket.remote_state"
          ]
        }
      ]
    },
    {
      "mode": "managed",
      "type": "aws_s3_bucket_public_access_block",
      "name": "access",
      "provider": "provider[\"registry.terraform.io/hashicorp/aws\"]",
      "instances": [
        {
          "schema_version": 0,
          "attributes": {
            "block_public_acls": false,
            "block_public_policy": false,
            "bucket": "terralabs-remote-state-hernan03.22.2026",
            "id": "terralabs-remote-state-hernan03.22.2026",
            "ignore_public_acls": false,
            "restrict_public_buckets": false
          },
          "sensitive_attributes": [],
          "identity_schema_version": 0,
          "private": "bnVsbA==",
          "dependencies": [
            "aws_s3_bucket.remote_state"
          ]
        }
      ]
    },
    {
      "mode": "managed",
      "type": "local_file",
      "name": "state_demo",
      "provider": "provider[\"registry.terraform.io/hashicorp/local\"]",
      "instances": [
        {
          "schema_version": 0,
          "attributes": {
            "content": "Archivo de estado: remoto",
            "content_base64": null,
            "content_base64sha256": "bWBjs8aiMAexSoMpdPJ03J5Q66a7bBxMcSA3lQKf4+w=",
            "content_base64sha512": "oSwJChx1D24UkUpiTHvQwmlq1EqA3GN0vGLEqDnCX/MLFiQFzjXl25wp+BKe0wyrf2oRhTVVuE3LQ+cGn50KZg==",
            "content_md5": "e75eeb473fa0b4d165b0c222c0e509bf",
            "content_sha1": "c448b3ecd545d6aa58f3e58be3e3a236e2d0a65e",
            "content_sha256": "6d6063b3c6a23007b14a832974f274dc9e50eba6bb6c1c4c71203795029fe3ec",
            "content_sha512": "a12c090a1c750f6e14914a624c7bd0c2696ad44a80dc6374bc62c4a839c25ff30b162405ce35e5db9c29f8129ed30cab7f6a11853555b84dcb43e7069f9d0a66",
            "directory_permission": "0777",
            "file_permission": "0777",
            "filename": "local",
            "id": "c448b3ecd545d6aa58f3e58be3e3a236e2d0a65e",
            "sensitive_content": null,
            "source": null
          },
          "sensitive_attributes": [
            [
              {
                "type": "get_attr",
                "value": "sensitive_content"
              }
            ]
          ],
          "identity_schema_version": 0
        }
      ]
    }
  ],
  "check_results": null
}
